// !$*UTF8*$!
{
	archiveVersion = 1;
	classes = {
	};
	objectVersion = 46;
	objects = {

/* Begin PBXBuildFile section */
		11029C56189CD25800E5AF5E /* PPLoggerConfiguration.m in Sources */ = {isa = PBXBuildFile; fileRef = 11029C55189CD25800E5AF5E /* PPLoggerConfiguration.m */; };
		11029C58189E993E00E5AF5E /* README.md in Resources */ = {isa = PBXBuildFile; fileRef = 11029C57189E993E00E5AF5E /* README.md */; };
		11029C5A189E994800E5AF5E /* LICENSE in Resources */ = {isa = PBXBuildFile; fileRef = 11029C59189E994800E5AF5E /* LICENSE */; };
		D6B5DCB31898AE4A00A0CF3D /* Foundation.framework in Frameworks */ = {isa = PBXBuildFile; fileRef = D6B5DCB21898AE4A00A0CF3D /* Foundation.framework */; };
		D6B5DCB51898AE4B00A0CF3D /* CoreGraphics.framework in Frameworks */ = {isa = PBXBuildFile; fileRef = D6B5DCB41898AE4B00A0CF3D /* CoreGraphics.framework */; };
		D6B5DCB71898AE4B00A0CF3D /* UIKit.framework in Frameworks */ = {isa = PBXBuildFile; fileRef = D6B5DCB61898AE4B00A0CF3D /* UIKit.framework */; };
		D6B5DCBD1898AE4B00A0CF3D /* InfoPlist.strings in Resources */ = {isa = PBXBuildFile; fileRef = D6B5DCBB1898AE4B00A0CF3D /* InfoPlist.strings */; };
		D6B5DCBF1898AE4B00A0CF3D /* main.m in Sources */ = {isa = PBXBuildFile; fileRef = D6B5DCBE1898AE4B00A0CF3D /* main.m */; };
		D6B5DCC31898AE4B00A0CF3D /* PPAppDelegate.m in Sources */ = {isa = PBXBuildFile; fileRef = D6B5DCC21898AE4B00A0CF3D /* PPAppDelegate.m */; };
		D6B5DCC51898AE4B00A0CF3D /* Images.xcassets in Resources */ = {isa = PBXBuildFile; fileRef = D6B5DCC41898AE4B00A0CF3D /* Images.xcassets */; };
		D6B5DCCC1898AE4B00A0CF3D /* XCTest.framework in Frameworks */ = {isa = PBXBuildFile; fileRef = D6B5DCCB1898AE4B00A0CF3D /* XCTest.framework */; };
		D6B5DCCD1898AE4B00A0CF3D /* Foundation.framework in Frameworks */ = {isa = PBXBuildFile; fileRef = D6B5DCB21898AE4A00A0CF3D /* Foundation.framework */; };
		D6B5DCCE1898AE4B00A0CF3D /* UIKit.framework in Frameworks */ = {isa = PBXBuildFile; fileRef = D6B5DCB61898AE4B00A0CF3D /* UIKit.framework */; };
		D6B5DCD61898AE4B00A0CF3D /* InfoPlist.strings in Resources */ = {isa = PBXBuildFile; fileRef = D6B5DCD41898AE4B00A0CF3D /* InfoPlist.strings */; };
		D6B5DCD81898AE4B00A0CF3D /* PPLoggerExampleTests.m in Sources */ = {isa = PBXBuildFile; fileRef = D6B5DCD71898AE4B00A0CF3D /* PPLoggerExampleTests.m */; };
		D6B5DCE41898AF6D00A0CF3D /* PPLogger.m in Sources */ = {isa = PBXBuildFile; fileRef = D6B5DCE31898AF6D00A0CF3D /* PPLogger.m */; };
/* End PBXBuildFile section */

/* Begin PBXContainerItemProxy section */
		D6B5DCCF1898AE4B00A0CF3D /* PBXContainerItemProxy */ = {
			isa = PBXContainerItemProxy;
			containerPortal = D6B5DCA71898AE4A00A0CF3D /* Project object */;
			proxyType = 1;
			remoteGlobalIDString = D6B5DCAE1898AE4A00A0CF3D;
			remoteInfo = PPLoggerExample;
		};
/* End PBXContainerItemProxy section */

/* Begin PBXFileReference section */
		11029C54189CD25800E5AF5E /* PPLoggerConfiguration.h */ = {isa = PBXFileReference; fileEncoding = 4; lastKnownFileType = sourcecode.c.h; path = PPLoggerConfiguration.h; sourceTree = "<group>"; };
		11029C55189CD25800E5AF5E /* PPLoggerConfiguration.m */ = {isa = PBXFileReference; fileEncoding = 4; lastKnownFileType = sourcecode.c.objc; path = PPLoggerConfiguration.m; sourceTree = "<group>"; };
		11029C57189E993E00E5AF5E /* README.md */ = {isa = PBXFileReference; fileEncoding = 4; lastKnownFileType = text; path = README.md; sourceTree = "<group>"; };
		11029C59189E994800E5AF5E /* LICENSE */ = {isa = PBXFileReference; fileEncoding = 4; lastKnownFileType = text; path = LICENSE; sourceTree = "<group>"; };
		D6B5DCAF1898AE4A00A0CF3D /* PPLoggerExample.app */ = {isa = PBXFileReference; explicitFileType = wrapper.application; includeInIndex = 0; path = PPLoggerExample.app; sourceTree = BUILT_PRODUCTS_DIR; };
		D6B5DCB21898AE4A00A0CF3D /* Foundation.framework */ = {isa = PBXFileReference; lastKnownFileType = wrapper.framework; name = Foundation.framework; path = System/Library/Frameworks/Foundation.framework; sourceTree = SDKROOT; };
		D6B5DCB41898AE4B00A0CF3D /* CoreGraphics.framework */ = {isa = PBXFileReference; lastKnownFileType = wrapper.framework; name = CoreGraphics.framework; path = System/Library/Frameworks/CoreGraphics.framework; sourceTree = SDKROOT; };
		D6B5DCB61898AE4B00A0CF3D /* UIKit.framework */ = {isa = PBXFileReference; lastKnownFileType = wrapper.framework; name = UIKit.framework; path = System/Library/Frameworks/UIKit.framework; sourceTree = SDKROOT; };
		D6B5DCBA1898AE4B00A0CF3D /* PPLoggerExample-Info.plist */ = {isa = PBXFileReference; lastKnownFileType = text.plist.xml; path = "PPLoggerExample-Info.plist"; sourceTree = "<group>"; };
		D6B5DCBC1898AE4B00A0CF3D /* en */ = {isa = PBXFileReference; lastKnownFileType = text.plist.strings; name = en; path = en.lproj/InfoPlist.strings; sourceTree = "<group>"; };
		D6B5DCBE1898AE4B00A0CF3D /* main.m */ = {isa = PBXFileReference; lastKnownFileType = sourcecode.c.objc; path = main.m; sourceTree = "<group>"; };
		D6B5DCC01898AE4B00A0CF3D /* PPLoggerExample-Prefix.pch */ = {isa = PBXFileReference; lastKnownFileType = sourcecode.c.h; path = "PPLoggerExample-Prefix.pch"; sourceTree = "<group>"; };
		D6B5DCC11898AE4B00A0CF3D /* PPAppDelegate.h */ = {isa = PBXFileReference; lastKnownFileType = sourcecode.c.h; path = PPAppDelegate.h; sourceTree = "<group>"; };
		D6B5DCC21898AE4B00A0CF3D /* PPAppDelegate.m */ = {isa = PBXFileReference; lastKnownFileType = sourcecode.c.objc; path = PPAppDelegate.m; sourceTree = "<group>"; };
		D6B5DCC41898AE4B00A0CF3D /* Images.xcassets */ = {isa = PBXFileReference; lastKnownFileType = folder.assetcatalog; path = Images.xcassets; sourceTree = "<group>"; };
		D6B5DCCA1898AE4B00A0CF3D /* PPLoggerExampleTests.xctest */ = {isa = PBXFileReference; explicitFileType = wrapper.cfbundle; includeInIndex = 0; path = PPLoggerExampleTests.xctest; sourceTree = BUILT_PRODUCTS_DIR; };
		D6B5DCCB1898AE4B00A0CF3D /* XCTest.framework */ = {isa = PBXFileReference; lastKnownFileType = wrapper.framework; name = XCTest.framework; path = Library/Frameworks/XCTest.framework; sourceTree = DEVELOPER_DIR; };
		D6B5DCD31898AE4B00A0CF3D /* PPLoggerExampleTests-Info.plist */ = {isa = PBXFileReference; lastKnownFileType = text.plist.xml; path = "PPLoggerExampleTests-Info.plist"; sourceTree = "<group>"; };
		D6B5DCD51898AE4B00A0CF3D /* en */ = {isa = PBXFileReference; lastKnownFileType = text.plist.strings; name = en; path = en.lproj/InfoPlist.strings; sourceTree = "<group>"; };
		D6B5DCD71898AE4B00A0CF3D /* PPLoggerExampleTests.m */ = {isa = PBXFileReference; lastKnownFileType = sourcecode.c.objc; path = PPLoggerExampleTests.m; sourceTree = "<group>"; };
		D6B5DCE21898AF6D00A0CF3D /* PPLogger.h */ = {isa = PBXFileReference; fileEncoding = 4; lastKnownFileType = sourcecode.c.h; path = PPLogger.h; sourceTree = "<group>"; };
		D6B5DCE31898AF6D00A0CF3D /* PPLogger.m */ = {isa = PBXFileReference; fileEncoding = 4; lastKnownFileType = sourcecode.c.objc; path = PPLogger.m; sourceTree = "<group>"; };
/* End PBXFileReference section */

/* Begin PBXFrameworksBuildPhase section */
		D6B5DCAC1898AE4A00A0CF3D /* Frameworks */ = {
			isa = PBXFrameworksBuildPhase;
			buildActionMask = 2147483647;
			files = (
				D6B5DCB51898AE4B00A0CF3D /* CoreGraphics.framework in Frameworks */,
				D6B5DCB71898AE4B00A0CF3D /* UIKit.framework in Frameworks */,
				D6B5DCB31898AE4A00A0CF3D /* Foundation.framework in Frameworks */,
			);
			runOnlyForDeploymentPostprocessing = 0;
		};
		D6B5DCC71898AE4B00A0CF3D /* Frameworks */ = {
			isa = PBXFrameworksBuildPhase;
			buildActionMask = 2147483647;
			files = (
				D6B5DCCC1898AE4B00A0CF3D /* XCTest.framework in Frameworks */,
				D6B5DCCE1898AE4B00A0CF3D /* UIKit.framework in Frameworks */,
				D6B5DCCD1898AE4B00A0CF3D /* Foundation.framework in Frameworks */,
			);
			runOnlyForDeploymentPostprocessing = 0;
		};
/* End PBXFrameworksBuildPhase section */

/* Begin PBXGroup section */
		D6B5DCA61898AE4A00A0CF3D = {
			isa = PBXGroup;
			children = (
				D6B5DCE11898AF4B00A0CF3D /* PPLogger */,
				D6B5DCB81898AE4B00A0CF3D /* PPLoggerExample */,
				D6B5DCD11898AE4B00A0CF3D /* PPLoggerExampleTests */,
				D6B5DCB11898AE4A00A0CF3D /* Frameworks */,
				D6B5DCB01898AE4A00A0CF3D /* Products */,
				11029C59189E994800E5AF5E /* LICENSE */,
				11029C57189E993E00E5AF5E /* README.md */,
			);
			sourceTree = "<group>";
		};
		D6B5DCB01898AE4A00A0CF3D /* Products */ = {
			isa = PBXGroup;
			children = (
				D6B5DCAF1898AE4A00A0CF3D /* PPLoggerExample.app */,
				D6B5DCCA1898AE4B00A0CF3D /* PPLoggerExampleTests.xctest */,
			);
			name = Products;
			sourceTree = "<group>";
		};
		D6B5DCB11898AE4A00A0CF3D /* Frameworks */ = {
			isa = PBXGroup;
			children = (
				D6B5DCB21898AE4A00A0CF3D /* Foundation.framework */,
				D6B5DCB41898AE4B00A0CF3D /* CoreGraphics.framework */,
				D6B5DCB61898AE4B00A0CF3D /* UIKit.framework */,
				D6B5DCCB1898AE4B00A0CF3D /* XCTest.framework */,
			);
			name = Frameworks;
			sourceTree = "<group>";
		};
		D6B5DCB81898AE4B00A0CF3D /* PPLoggerExample */ = {
			isa = PBXGroup;
			children = (
				D6B5DCC11898AE4B00A0CF3D /* PPAppDelegate.h */,
				D6B5DCC21898AE4B00A0CF3D /* PPAppDelegate.m */,
				D6B5DCC41898AE4B00A0CF3D /* Images.xcassets */,
				D6B5DCB91898AE4B00A0CF3D /* Supporting Files */,
			);
			path = PPLoggerExample;
			sourceTree = "<group>";
		};
		D6B5DCB91898AE4B00A0CF3D /* Supporting Files */ = {
			isa = PBXGroup;
			children = (
				D6B5DCBA1898AE4B00A0CF3D /* PPLoggerExample-Info.plist */,
				D6B5DCBB1898AE4B00A0CF3D /* InfoPlist.strings */,
				D6B5DCBE1898AE4B00A0CF3D /* main.m */,
				D6B5DCC01898AE4B00A0CF3D /* PPLoggerExample-Prefix.pch */,
			);
			name = "Supporting Files";
			sourceTree = "<group>";
		};
		D6B5DCD11898AE4B00A0CF3D /* PPLoggerExampleTests */ = {
			isa = PBXGroup;
			children = (
				D6B5DCD71898AE4B00A0CF3D /* PPLoggerExampleTests.m */,
				D6B5DCD21898AE4B00A0CF3D /* Supporting Files */,
			);
			path = PPLoggerExampleTests;
			sourceTree = "<group>";
		};
		D6B5DCD21898AE4B00A0CF3D /* Supporting Files */ = {
			isa = PBXGroup;
			children = (
				D6B5DCD31898AE4B00A0CF3D /* PPLoggerExampleTests-Info.plist */,
				D6B5DCD41898AE4B00A0CF3D /* InfoPlist.strings */,
			);
			name = "Supporting Files";
			sourceTree = "<group>";
		};
		D6B5DCE11898AF4B00A0CF3D /* PPLogger */ = {
			isa = PBXGroup;
			children = (
				D6B5DCE21898AF6D00A0CF3D /* PPLogger.h */,
				D6B5DCE31898AF6D00A0CF3D /* PPLogger.m */,
				11029C54189CD25800E5AF5E /* PPLoggerConfiguration.h */,
				11029C55189CD25800E5AF5E /* PPLoggerConfiguration.m */,
			);
			path = PPLogger;
			sourceTree = "<group>";
		};
/* End PBXGroup section */

/* Begin PBXNativeTarget section */
		D6B5DCAE1898AE4A00A0CF3D /* PPLoggerExample */ = {
			isa = PBXNativeTarget;
			buildConfigurationList = D6B5DCDB1898AE4B00A0CF3D /* Build configuration list for PBXNativeTarget "PPLoggerExample" */;
			buildPhases = (
				D6B5DCAB1898AE4A00A0CF3D /* Sources */,
				D6B5DCAC1898AE4A00A0CF3D /* Frameworks */,
				D6B5DCAD1898AE4A00A0CF3D /* Resources */,
			);
			buildRules = (
			);
			dependencies = (
			);
			name = PPLoggerExample;
			productName = PPLoggerExample;
			productReference = D6B5DCAF1898AE4A00A0CF3D /* PPLoggerExample.app */;
			productType = "com.apple.product-type.application";
		};
		D6B5DCC91898AE4B00A0CF3D /* PPLoggerExampleTests */ = {
			isa = PBXNativeTarget;
			buildConfigurationList = D6B5DCDE1898AE4B00A0CF3D /* Build configuration list for PBXNativeTarget "PPLoggerExampleTests" */;
			buildPhases = (
				D6B5DCC61898AE4B00A0CF3D /* Sources */,
				D6B5DCC71898AE4B00A0CF3D /* Frameworks */,
				D6B5DCC81898AE4B00A0CF3D /* Resources */,
			);
			buildRules = (
			);
			dependencies = (
				D6B5DCD01898AE4B00A0CF3D /* PBXTargetDependency */,
			);
			name = PPLoggerExampleTests;
			productName = PPLoggerExampleTests;
			productReference = D6B5DCCA1898AE4B00A0CF3D /* PPLoggerExampleTests.xctest */;
			productType = "com.apple.product-type.bundle.unit-test";
		};
/* End PBXNativeTarget section */

/* Begin PBXProject section */
		D6B5DCA71898AE4A00A0CF3D /* Project object */ = {
			isa = PBXProject;
			attributes = {
				CLASSPREFIX = PP;
				LastUpgradeCheck = 0500;
				ORGANIZATIONNAME = PPP;
				TargetAttributes = {
					D6B5DCC91898AE4B00A0CF3D = {
						TestTargetID = D6B5DCAE1898AE4A00A0CF3D;
					};
				};
			};
			buildConfigurationList = D6B5DCAA1898AE4A00A0CF3D /* Build configuration list for PBXProject "PPLoggerExample" */;
			compatibilityVersion = "Xcode 3.2";
			developmentRegion = English;
			hasScannedForEncodings = 0;
			knownRegions = (
				en,
			);
			mainGroup = D6B5DCA61898AE4A00A0CF3D;
			productRefGroup = D6B5DCB01898AE4A00A0CF3D /* Products */;
			projectDirPath = "";
			projectRoot = "";
			targets = (
				D6B5DCAE1898AE4A00A0CF3D /* PPLoggerExample */,
				D6B5DCC91898AE4B00A0CF3D /* PPLoggerExampleTests */,
			);
		};
/* End PBXProject section */

/* Begin PBXResourcesBuildPhase section */
		D6B5DCAD1898AE4A00A0CF3D /* Resources */ = {
			isa = PBXResourcesBuildPhase;
			buildActionMask = 2147483647;
			files = (
				11029C58189E993E00E5AF5E /* README.md in Resources */,
				D6B5DCBD1898AE4B00A0CF3D /* InfoPlist.strings in Resources */,
				11029C5A189E994800E5AF5E /* LICENSE in Resources */,
				D6B5DCC51898AE4B00A0CF3D /* Images.xcassets in Resources */,
			);
			runOnlyForDeploymentPostprocessing = 0;
		};
		D6B5DCC81898AE4B00A0CF3D /* Resources */ = {
			isa = PBXResourcesBuildPhase;
			buildActionMask = 2147483647;
			files = (
				D6B5DCD61898AE4B00A0CF3D /* InfoPlist.strings in Resources */,
			);
			runOnlyForDeploymentPostprocessing = 0;
		};
/* End PBXResourcesBuildPhase section */

/* Begin PBXSourcesBuildPhase section */
		D6B5DCAB1898AE4A00A0CF3D /* Sources */ = {
			isa = PBXSourcesBuildPhase;
			buildActionMask = 2147483647;
			files = (
				D6B5DCC31898AE4B00A0CF3D /* PPAppDelegate.m in Sources */,
				D6B5DCBF1898AE4B00A0CF3D /* main.m in Sources */,
				11029C56189CD25800E5AF5E /* PPLoggerConfiguration.m in Sources */,
				D6B5DCE41898AF6D00A0CF3D /* PPLogger.m in Sources */,
			);
			runOnlyForDeploymentPostprocessing = 0;
		};
		D6B5DCC61898AE4B00A0CF3D /* Sources */ = {
			isa = PBXSourcesBuildPhase;
			buildActionMask = 2147483647;
			files = (
				D6B5DCD81898AE4B00A0CF3D /* PPLoggerExampleTests.m in Sources */,
			);
			runOnlyForDeploymentPostprocessing = 0;
		};
/* End PBXSourcesBuildPhase section */

/* Begin PBXTargetDependency section */
		D6B5DCD01898AE4B00A0CF3D /* PBXTargetDependency */ = {
			isa = PBXTargetDependency;
			target = D6B5DCAE1898AE4A00A0CF3D /* PPLoggerExample */;
			targetProxy = D6B5DCCF1898AE4B00A0CF3D /* PBXContainerItemProxy */;
		};
/* End PBXTargetDependency section */

/* Begin PBXVariantGroup section */
		D6B5DCBB1898AE4B00A0CF3D /* InfoPlist.strings */ = {
			isa = PBXVariantGroup;
			children = (
				D6B5DCBC1898AE4B00A0CF3D /* en */,
			);
			name = InfoPlist.strings;
			sourceTree = "<group>";
		};
		D6B5DCD41898AE4B00A0CF3D /* InfoPlist.strings */ = {
			isa = PBXVariantGroup;
			children = (
				D6B5DCD51898AE4B00A0CF3D /* en */,
			);
			name = InfoPlist.strings;
			sourceTree = "<group>";
		};
/* End PBXVariantGroup section */

/* Begin XCBuildConfiguration section */
		D6B5DCD91898AE4B00A0CF3D /* Debug */ = {
			isa = XCBuildConfiguration;
			buildSettings = {
				ALWAYS_SEARCH_USER_PATHS = NO;
				ARCHS = "$(ARCHS_STANDARD_INCLUDING_64_BIT)";
				CLANG_CXX_LANGUAGE_STANDARD = "gnu++0x";
				CLANG_CXX_LIBRARY = "libc++";
				CLANG_ENABLE_MODULES = YES;
				CLANG_ENABLE_OBJC_ARC = YES;
				CLANG_WARN_BOOL_CONVERSION = YES;
				CLANG_WARN_CONSTANT_CONVERSION = YES;
				CLANG_WARN_DIRECT_OBJC_ISA_USAGE = YES_ERROR;
				CLANG_WARN_EMPTY_BODY = YES;
				CLANG_WARN_ENUM_CONVERSION = YES;
				CLANG_WARN_INT_CONVERSION = YES;
				CLANG_WARN_OBJC_ROOT_CLASS = YES_ERROR;
				CLANG_WARN__DUPLICATE_METHOD_MATCH = YES;
				"CODE_SIGN_IDENTITY[sdk=iphoneos*]" = "iPhone Developer";
				COPY_PHASE_STRIP = NO;
				GCC_C_LANGUAGE_STANDARD = gnu99;
				GCC_DYNAMIC_NO_PIC = NO;
				GCC_OPTIMIZATION_LEVEL = 0;
				GCC_PREPROCESSOR_DEFINITIONS = (
					"DEBUG=1",
					"$(inherited)",
				);
				GCC_SYMBOLS_PRIVATE_EXTERN = NO;
				GCC_WARN_64_TO_32_BIT_CONVERSION = YES;
				GCC_WARN_ABOUT_RETURN_TYPE = YES_ERROR;
				GCC_WARN_UNDECLARED_SELECTOR = YES;
				GCC_WARN_UNINITIALIZED_AUTOS = YES;
				GCC_WARN_UNUSED_FUNCTION = YES;
				GCC_WARN_UNUSED_VARIABLE = YES;
				IPHONEOS_DEPLOYMENT_TARGET = 7.0;
				ONLY_ACTIVE_ARCH = YES;
				SDKROOT = iphoneos;
				TARGETED_DEVICE_FAMILY = "1,2";
			};
			name = Debug;
		};
		D6B5DCDA1898AE4B00A0CF3D /* Release */ = {
			isa = XCBuildConfiguration;
			buildSettings = {
				ALWAYS_SEARCH_USER_PATHS = NO;
				ARCHS = "$(ARCHS_STANDARD_INCLUDING_64_BIT)";
				CLANG_CXX_LANGUAGE_STANDARD = "gnu++0x";
				CLANG_CXX_LIBRARY = "libc++";
				CLANG_ENABLE_MODULES = YES;
				CLANG_ENABLE_OBJC_ARC = YES;
				CLANG_WARN_BOOL_CONVERSION = YES;
				CLANG_WARN_CONSTANT_CONVERSION = YES;
				CLANG_WARN_DIRECT_OBJC_ISA_USAGE = YES_ERROR;
				CLANG_WARN_EMPTY_BODY = YES;
				CLANG_WARN_ENUM_CONVERSION = YES;
				CLANG_WARN_INT_CONVERSION = YES;
				CLANG_WARN_OBJC_ROOT_CLASS = YES_ERROR;
				CLANG_WARN__DUPLICATE_METHOD_MATCH = YES;
				"CODE_SIGN_IDENTITY[sdk=iphoneos*]" = "iPhone Developer";
				COPY_PHASE_STRIP = YES;
				ENABLE_NS_ASSERTIONS = NO;
				GCC_C_LANGUAGE_STANDARD = gnu99;
				GCC_WARN_64_TO_32_BIT_CONVERSION = YES;
				GCC_WARN_ABOUT_RETURN_TYPE = YES_ERROR;
				GCC_WARN_UNDECLARED_SELECTOR = YES;
				GCC_WARN_UNINITIALIZED_AUTOS = YES;
				GCC_WARN_UNUSED_FUNCTION = YES;
				GCC_WARN_UNUSED_VARIABLE = YES;
				IPHONEOS_DEPLOYMENT_TARGET = 7.0;
				SDKROOT = iphoneos;
				TARGETED_DEVICE_FAMILY = "1,2";
				VALIDATE_PRODUCT = YES;
			};
			name = Release;
		};
		D6B5DCDC1898AE4B00A0CF3D /* Debug */ = {
			isa = XCBuildConfiguration;
			buildSettings = {
				ASSETCATALOG_COMPILER_APPICON_NAME = AppIcon;
				ASSETCATALOG_COMPILER_LAUNCHIMAGE_NAME = LaunchImage;
				GCC_PRECOMPILE_PREFIX_HEADER = YES;
				GCC_PREFIX_HEADER = "PPLoggerExample/PPLoggerExample-Prefix.pch";
				INFOPLIST_FILE = "PPLoggerExample/PPLoggerExample-Info.plist";
				IPHONEOS_DEPLOYMENT_TARGET = 6.0;
				PRODUCT_NAME = "$(TARGET_NAME)";
				WRAPPER_EXTENSION = app;
			};
			name = Debug;
		};
		D6B5DCDD1898AE4B00A0CF3D /* Release */ = {
			isa = XCBuildConfiguration;
			buildSettings = {
				ASSETCATALOG_COMPILER_APPICON_NAME = AppIcon;
				ASSETCATALOG_COMPILER_LAUNCHIMAGE_NAME = LaunchImage;
				GCC_PRECOMPILE_PREFIX_HEADER = YES;
				GCC_PREFIX_HEADER = "PPLoggerExample/PPLoggerExample-Prefix.pch";
				INFOPLIST_FILE = "PPLoggerExample/PPLoggerExample-Info.plist";
				IPHONEOS_DEPLOYMENT_TARGET = 6.0;
				PRODUCT_NAME = "$(TARGET_NAME)";
				WRAPPER_EXTENSION = app;
			};
			name = Release;
		};
		D6B5DCDF1898AE4B00A0CF3D /* Debug */ = {
			isa = XCBuildConfiguration;
			buildSettings = {
				ARCHS = "$(ARCHS_STANDARD_INCLUDING_64_BIT)";
				BUNDLE_LOADER = "$(BUILT_PRODUCTS_DIR)/PPLoggerExample.app/PPLoggerExample";
				FRAMEWORK_SEARCH_PATHS = (
					"$(SDKROOT)/Developer/Library/Frameworks",
					"$(inherited)",
					"$(DEVELOPER_FRAMEWORKS_DIR)",
				);
				GCC_PRECOMPILE_PREFIX_HEADER = YES;
				GCC_PREFIX_HEADER = "PPLoggerExample/PPLoggerExample-Prefix.pch";
				GCC_PREPROCESSOR_DEFINITIONS = (
					"DEBUG=1",
					"$(inherited)",
				);
				INFOPLIST_FILE = "PPLoggerExampleTests/PPLoggerExampleTests-Info.plist";
				PRODUCT_NAME = "$(TARGET_NAME)";
				TEST_HOST = "$(BUNDLE_LOADER)";
				WRAPPER_EXTENSION = xctest;
			};
			name = Debug;
		};
		D6B5DCE01898AE4B00A0CF3D /* Release */ = {
			isa = XCBuildConfiguration;
			buildSettings = {
				ARCHS = "$(ARCHS_STANDARD_INCLUDING_64_BIT)";
				BUNDLE_LOADER = "$(BUILT_PRODUCTS_DIR)/PPLoggerExample.app/PPLoggerExample";
				FRAMEWORK_SEARCH_PATHS = (
					"$(SDKROOT)/Developer/Library/Frameworks",
					"$(inherited)",
					"$(DEVELOPER_FRAMEWORKS_DIR)",
				);
				GCC_PRECOMPILE_PREFIX_HEADER = YES;
				GCC_PREFIX_HEADER = "PPLoggerExample/PPLoggerExample-Prefix.pch";
				INFOPLIST_FILE = "PPLoggerExampleTests/PPLoggerExampleTests-Info.plist";
				PRODUCT_NAME = "$(TARGET_NAME)";
				TEST_HOST = "$(BUNDLE_LOADER)";
				WRAPPER_EXTENSION = xctest;
			};
			name = Release;
		};
/* End XCBuildConfiguration section */

/* Begin XCConfigurationList section */
		D6B5DCAA1898AE4A00A0CF3D /* Build configuration list for PBXProject "PPLoggerExample" */ = {
			isa = XCConfigurationList;
			buildConfigurations = (
				D6B5DCD91898AE4B00A0CF3D /* Debug */,
				D6B5DCDA1898AE4B00A0CF3D /* Release */,
			);
			defaultConfigurationIsVisible = 0;
			defaultConfigurationName = Release;
		};
		D6B5DCDB1898AE4B00A0CF3D /* Build configuration list for PBXNativeTarget "PPLoggerExample" */ = {
			isa = XCConfigurationList;
			buildConfigurations = (
				D6B5DCDC1898AE4B00A0CF3D /* Debug */,
				D6B5DCDD1898AE4B00A0CF3D /* Release */,
			);
			defaultConfigurationIsVisible = 0;
			defaultConfigurationName = Release;
		};
		D6B5DCDE1898AE4B00A0CF3D /* Build configuration list for PBXNativeTarget "PPLoggerExampleTests" */ = {
			isa = XCConfigurationList;
			buildConfigurations = (
				D6B5DCDF1898AE4B00A0CF3D /* Debug */,
				D6B5DCE01898AE4B00A0CF3D /* Release */,
			);
			defaultConfigurationIsVisible = 0;
			defaultConfigurationName = Release;
		};
/* End XCConfigurationList section */
	};
	rootObject = D6B5DCA71898AE4A00A0CF3D /* Project object */;
}
